// !$*UTF8*$!
{
	archiveVersion = 1;
	classes = {
	};
	objectVersion = 46;
	objects = {

/* Begin PBXBuildFile section */
		B17517BD18D3A939008DB066 /* Cocoa.framework in Frameworks */ = {isa = PBXBuildFile; fileRef = B17517BC18D3A939008DB066 /* Cocoa.framework */; };
		B17517C718D3A939008DB066 /* InfoPlist.strings in Resources */ = {isa = PBXBuildFile; fileRef = B17517C518D3A939008DB066 /* InfoPlist.strings */; };
		B17517C918D3A939008DB066 /* main.m in Sources */ = {isa = PBXBuildFile; fileRef = B17517C818D3A939008DB066 /* main.m */; };
		B17517CD18D3A939008DB066 /* Credits.rtf in Resources */ = {isa = PBXBuildFile; fileRef = B17517CB18D3A939008DB066 /* Credits.rtf */; };
		B17517D018D3A939008DB066 /* CdbAppDelegate.m in Sources */ = {isa = PBXBuildFile; fileRef = B17517CF18D3A939008DB066 /* CdbAppDelegate.m */; };
		B17517D318D3A939008DB066 /* MainMenu.xib in Resources */ = {isa = PBXBuildFile; fileRef = B17517D118D3A939008DB066 /* MainMenu.xib */; };
		B17517D518D3A939008DB066 /* Images.xcassets in Resources */ = {isa = PBXBuildFile; fileRef = B17517D418D3A939008DB066 /* Images.xcassets */; };
		B1A3AB5C18EC798F000826FB /* ServerWrapper.mm in Sources */ = {isa = PBXBuildFile; fileRef = B1A3AB5B18EC798F000826FB /* ServerWrapper.mm */; };
		B1A3AB5E18ECC794000826FB /* libcadabra_server.dylib in Frameworks */ = {isa = PBXBuildFile; fileRef = B1A3AB5D18ECC794000826FB /* libcadabra_server.dylib */; };
/* End PBXBuildFile section */

/* Begin PBXFileReference section */
		B17517B918D3A939008DB066 /* Cadabra.app */ = {isa = PBXFileReference; explicitFileType = wrapper.application; includeInIndex = 0; path = Cadabra.app; sourceTree = BUILT_PRODUCTS_DIR; };
		B17517BC18D3A939008DB066 /* Cocoa.framework */ = {isa = PBXFileReference; lastKnownFileType = wrapper.framework; name = Cocoa.framework; path = System/Library/Frameworks/Cocoa.framework; sourceTree = SDKROOT; };
		B17517BF18D3A939008DB066 /* AppKit.framework */ = {isa = PBXFileReference; lastKnownFileType = wrapper.framework; name = AppKit.framework; path = System/Library/Frameworks/AppKit.framework; sourceTree = SDKROOT; };
		B17517C018D3A939008DB066 /* CoreData.framework */ = {isa = PBXFileReference; lastKnownFileType = wrapper.framework; name = CoreData.framework; path = System/Library/Frameworks/CoreData.framework; sourceTree = SDKROOT; };
		B17517C118D3A939008DB066 /* Foundation.framework */ = {isa = PBXFileReference; lastKnownFileType = wrapper.framework; name = Foundation.framework; path = System/Library/Frameworks/Foundation.framework; sourceTree = SDKROOT; };
		B17517C418D3A939008DB066 /* Cadabra-Info.plist */ = {isa = PBXFileReference; lastKnownFileType = text.plist.xml; path = "Cadabra-Info.plist"; sourceTree = "<group>"; };
		B17517C618D3A939008DB066 /* en */ = {isa = PBXFileReference; lastKnownFileType = text.plist.strings; name = en; path = en.lproj/InfoPlist.strings; sourceTree = "<group>"; };
		B17517C818D3A939008DB066 /* main.m */ = {isa = PBXFileReference; lastKnownFileType = sourcecode.c.objc; path = main.m; sourceTree = "<group>"; };
		B17517CA18D3A939008DB066 /* Cadabra-Prefix.pch */ = {isa = PBXFileReference; lastKnownFileType = sourcecode.c.h; path = "Cadabra-Prefix.pch"; sourceTree = "<group>"; };
		B17517CC18D3A939008DB066 /* en */ = {isa = PBXFileReference; lastKnownFileType = text.rtf; name = en; path = en.lproj/Credits.rtf; sourceTree = "<group>"; };
		B17517CE18D3A939008DB066 /* CdbAppDelegate.h */ = {isa = PBXFileReference; lastKnownFileType = sourcecode.c.h; path = CdbAppDelegate.h; sourceTree = "<group>"; };
		B17517CF18D3A939008DB066 /* CdbAppDelegate.m */ = {isa = PBXFileReference; lastKnownFileType = sourcecode.c.objc; path = CdbAppDelegate.m; sourceTree = "<group>"; };
		B17517D218D3A939008DB066 /* Base */ = {isa = PBXFileReference; lastKnownFileType = file.xib; name = Base; path = Base.lproj/MainMenu.xib; sourceTree = "<group>"; };
		B17517D418D3A939008DB066 /* Images.xcassets */ = {isa = PBXFileReference; lastKnownFileType = folder.assetcatalog; path = Images.xcassets; sourceTree = "<group>"; };
		B17517DB18D3A939008DB066 /* XCTest.framework */ = {isa = PBXFileReference; lastKnownFileType = wrapper.framework; name = XCTest.framework; path = Library/Frameworks/XCTest.framework; sourceTree = DEVELOPER_DIR; };
		B1A3AB5A18EC798F000826FB /* ServerWrapper.h */ = {isa = PBXFileReference; fileEncoding = 4; lastKnownFileType = sourcecode.c.h; name = ServerWrapper.h; path = ../ServerWrapper.h; sourceTree = "<group>"; };
		B1A3AB5B18EC798F000826FB /* ServerWrapper.mm */ = {isa = PBXFileReference; fileEncoding = 4; lastKnownFileType = sourcecode.cpp.objcpp; name = ServerWrapper.mm; path = ../ServerWrapper.mm; sourceTree = "<group>"; };
		B1A3AB5D18ECC794000826FB /* libcadabra_server.dylib */ = {isa = PBXFileReference; lastKnownFileType = "compiled.mach-o.dylib"; name = libcadabra_server.dylib; path = ../../../server/build/libcadabra_server.dylib; sourceTree = "<group>"; };
/* End PBXFileReference section */

/* Begin PBXFrameworksBuildPhase section */
		B17517B618D3A939008DB066 /* Frameworks */ = {
			isa = PBXFrameworksBuildPhase;
			buildActionMask = 2147483647;
			files = (
				B1A3AB5E18ECC794000826FB /* libcadabra_server.dylib in Frameworks */,
				B17517BD18D3A939008DB066 /* Cocoa.framework in Frameworks */,
			);
			runOnlyForDeploymentPostprocessing = 0;
		};
/* End PBXFrameworksBuildPhase section */

/* Begin PBXGroup section */
		B17517B018D3A939008DB066 = {
			isa = PBXGroup;
			children = (
				B17517C218D3A939008DB066 /* Cadabra */,
				B17517BB18D3A939008DB066 /* Frameworks */,
				B17517BA18D3A939008DB066 /* Products */,
			);
			sourceTree = "<group>";
		};
		B17517BA18D3A939008DB066 /* Products */ = {
			isa = PBXGroup;
			children = (
				B17517B918D3A939008DB066 /* Cadabra.app */,
			);
			name = Products;
			sourceTree = "<group>";
		};
		B17517BB18D3A939008DB066 /* Frameworks */ = {
			isa = PBXGroup;
			children = (
				B1A3AB5D18ECC794000826FB /* libcadabra_server.dylib */,
				B17517BC18D3A939008DB066 /* Cocoa.framework */,
				B17517DB18D3A939008DB066 /* XCTest.framework */,
				B17517BE18D3A939008DB066 /* Other Frameworks */,
			);
			name = Frameworks;
			sourceTree = "<group>";
		};
		B17517BE18D3A939008DB066 /* Other Frameworks */ = {
			isa = PBXGroup;
			children = (
				B17517BF18D3A939008DB066 /* AppKit.framework */,
				B17517C018D3A939008DB066 /* CoreData.framework */,
				B17517C118D3A939008DB066 /* Foundation.framework */,
			);
			name = "Other Frameworks";
			sourceTree = "<group>";
		};
		B17517C218D3A939008DB066 /* Cadabra */ = {
			isa = PBXGroup;
			children = (
				B1A3AB5A18EC798F000826FB /* ServerWrapper.h */,
				B1A3AB5B18EC798F000826FB /* ServerWrapper.mm */,
				B17517CE18D3A939008DB066 /* CdbAppDelegate.h */,
				B17517CF18D3A939008DB066 /* CdbAppDelegate.m */,
				B17517D118D3A939008DB066 /* MainMenu.xib */,
				B17517D418D3A939008DB066 /* Images.xcassets */,
				B17517C318D3A939008DB066 /* Supporting Files */,
			);
			path = Cadabra;
			sourceTree = "<group>";
		};
		B17517C318D3A939008DB066 /* Supporting Files */ = {
			isa = PBXGroup;
			children = (
				B17517C418D3A939008DB066 /* Cadabra-Info.plist */,
				B17517C518D3A939008DB066 /* InfoPlist.strings */,
				B17517C818D3A939008DB066 /* main.m */,
				B17517CA18D3A939008DB066 /* Cadabra-Prefix.pch */,
				B17517CB18D3A939008DB066 /* Credits.rtf */,
			);
			name = "Supporting Files";
			sourceTree = "<group>";
		};
/* End PBXGroup section */

/* Begin PBXNativeTarget section */
		B17517B818D3A939008DB066 /* Cadabra */ = {
			isa = PBXNativeTarget;
			buildConfigurationList = B17517EA18D3A939008DB066 /* Build configuration list for PBXNativeTarget "Cadabra" */;
			buildPhases = (
				B17517B518D3A939008DB066 /* Sources */,
				B17517B618D3A939008DB066 /* Frameworks */,
				B17517B718D3A939008DB066 /* Resources */,
			);
			buildRules = (
			);
			dependencies = (
			);
			name = Cadabra;
			productName = Cadabra;
			productReference = B17517B918D3A939008DB066 /* Cadabra.app */;
			productType = "com.apple.product-type.application";
		};
/* End PBXNativeTarget section */

/* Begin PBXProject section */
		B17517B118D3A939008DB066 /* Project object */ = {
			isa = PBXProject;
			attributes = {
				CLASSPREFIX = Cdb;
				LastUpgradeCheck = 0510;
				ORGANIZATIONNAME = "Kasper Peeters";
			};
			buildConfigurationList = B17517B418D3A939008DB066 /* Build configuration list for PBXProject "Cadabra" */;
			compatibilityVersion = "Xcode 3.2";
			developmentRegion = English;
			hasScannedForEncodings = 0;
			knownRegions = (
				en,
				Base,
			);
			mainGroup = B17517B018D3A939008DB066;
			productRefGroup = B17517BA18D3A939008DB066 /* Products */;
			projectDirPath = "";
			projectRoot = "";
			targets = (
				B17517B818D3A939008DB066 /* Cadabra */,
			);
		};
/* End PBXProject section */

/* Begin PBXResourcesBuildPhase section */
		B17517B718D3A939008DB066 /* Resources */ = {
			isa = PBXResourcesBuildPhase;
			buildActionMask = 2147483647;
			files = (
				B17517C718D3A939008DB066 /* InfoPlist.strings in Resources */,
				B17517D518D3A939008DB066 /* Images.xcassets in Resources */,
				B17517CD18D3A939008DB066 /* Credits.rtf in Resources */,
				B17517D318D3A939008DB066 /* MainMenu.xib in Resources */,
			);
			runOnlyForDeploymentPostprocessing = 0;
		};
/* End PBXResourcesBuildPhase section */

/* Begin PBXSourcesBuildPhase section */
		B17517B518D3A939008DB066 /* Sources */ = {
			isa = PBXSourcesBuildPhase;
			buildActionMask = 2147483647;
			files = (
				B17517D018D3A939008DB066 /* CdbAppDelegate.m in Sources */,
				B17517C918D3A939008DB066 /* main.m in Sources */,
				B1A3AB5C18EC798F000826FB /* ServerWrapper.mm in Sources */,
			);
			runOnlyForDeploymentPostprocessing = 0;
		};
/* End PBXSourcesBuildPhase section */

/* Begin PBXVariantGroup section */
		B17517C518D3A939008DB066 /* InfoPlist.strings */ = {
			isa = PBXVariantGroup;
			children = (
				B17517C618D3A939008DB066 /* en */,
			);
			name = InfoPlist.strings;
			sourceTree = "<group>";
		};
		B17517CB18D3A939008DB066 /* Credits.rtf */ = {
			isa = PBXVariantGroup;
			children = (
				B17517CC18D3A939008DB066 /* en */,
			);
			name = Credits.rtf;
			sourceTree = "<group>";
		};
		B17517D118D3A939008DB066 /* MainMenu.xib */ = {
			isa = PBXVariantGroup;
			children = (
				B17517D218D3A939008DB066 /* Base */,
			);
			name = MainMenu.xib;
			sourceTree = "<group>";
		};
/* End PBXVariantGroup section */

/* Begin XCBuildConfiguration section */
		B17517E818D3A939008DB066 /* Debug */ = {
			isa = XCBuildConfiguration;
			buildSettings = {
				ALWAYS_SEARCH_USER_PATHS = NO;
				CLANG_CXX_LANGUAGE_STANDARD = "gnu++0x";
				CLANG_CXX_LIBRARY = "libc++";
				CLANG_ENABLE_MODULES = YES;
				CLANG_ENABLE_OBJC_ARC = YES;
				CLANG_WARN_BOOL_CONVERSION = YES;
				CLANG_WARN_CONSTANT_CONVERSION = YES;
				CLANG_WARN_DIRECT_OBJC_ISA_USAGE = YES_ERROR;
				CLANG_WARN_EMPTY_BODY = YES;
				CLANG_WARN_ENUM_CONVERSION = YES;
				CLANG_WARN_INT_CONVERSION = YES;
				CLANG_WARN_OBJC_ROOT_CLASS = YES_ERROR;
				CLANG_WARN__DUPLICATE_METHOD_MATCH = YES;
				COPY_PHASE_STRIP = NO;
				GCC_C_LANGUAGE_STANDARD = gnu99;
				GCC_DYNAMIC_NO_PIC = NO;
				GCC_ENABLE_OBJC_EXCEPTIONS = YES;
				GCC_OPTIMIZATION_LEVEL = 0;
				GCC_PREPROCESSOR_DEFINITIONS = (
					"DEBUG=1",
					"$(inherited)",
				);
				GCC_SYMBOLS_PRIVATE_EXTERN = NO;
				GCC_WARN_64_TO_32_BIT_CONVERSION = YES;
				GCC_WARN_ABOUT_RETURN_TYPE = YES_ERROR;
				GCC_WARN_UNDECLARED_SELECTOR = YES;
				GCC_WARN_UNINITIALIZED_AUTOS = YES_AGGRESSIVE;
				GCC_WARN_UNUSED_FUNCTION = YES;
				GCC_WARN_UNUSED_VARIABLE = YES;
				MACOSX_DEPLOYMENT_TARGET = 10.9;
				ONLY_ACTIVE_ARCH = YES;
				SDKROOT = macosx;
			};
			name = Debug;
		};
		B17517E918D3A939008DB066 /* Release */ = {
			isa = XCBuildConfiguration;
			buildSettings = {
				ALWAYS_SEARCH_USER_PATHS = NO;
				CLANG_CXX_LANGUAGE_STANDARD = "gnu++0x";
				CLANG_CXX_LIBRARY = "libc++";
				CLANG_ENABLE_MODULES = YES;
				CLANG_ENABLE_OBJC_ARC = YES;
				CLANG_WARN_BOOL_CONVERSION = YES;
				CLANG_WARN_CONSTANT_CONVERSION = YES;
				CLANG_WARN_DIRECT_OBJC_ISA_USAGE = YES_ERROR;
				CLANG_WARN_EMPTY_BODY = YES;
				CLANG_WARN_ENUM_CONVERSION = YES;
				CLANG_WARN_INT_CONVERSION = YES;
				CLANG_WARN_OBJC_ROOT_CLASS = YES_ERROR;
				CLANG_WARN__DUPLICATE_METHOD_MATCH = YES;
				COPY_PHASE_STRIP = YES;
				DEBUG_INFORMATION_FORMAT = "dwarf-with-dsym";
				ENABLE_NS_ASSERTIONS = NO;
				GCC_C_LANGUAGE_STANDARD = gnu99;
				GCC_ENABLE_OBJC_EXCEPTIONS = YES;
				GCC_WARN_64_TO_32_BIT_CONVERSION = YES;
				GCC_WARN_ABOUT_RETURN_TYPE = YES_ERROR;
				GCC_WARN_UNDECLARED_SELECTOR = YES;
				GCC_WARN_UNINITIALIZED_AUTOS = YES_AGGRESSIVE;
				GCC_WARN_UNUSED_FUNCTION = YES;
				GCC_WARN_UNUSED_VARIABLE = YES;
				MACOSX_DEPLOYMENT_TARGET = 10.9;
				SDKROOT = macosx;
			};
			name = Release;
		};
		B17517EB18D3A939008DB066 /* Debug */ = {
			isa = XCBuildConfiguration;
			buildSettings = {
				ALWAYS_SEARCH_USER_PATHS = YES;
				ASSETCATALOG_COMPILER_APPICON_NAME = AppIcon;
				COMBINE_HIDPI_IMAGES = YES;
				GCC_PRECOMPILE_PREFIX_HEADER = YES;
				GCC_PREFIX_HEADER = "Cadabra/Cadabra-Prefix.pch";
				"HEADER_SEARCH_PATHS[arch=*]" = (
					"$(inherited)",
					/Applications/Xcode.app/Contents/Developer/Toolchains/XcodeDefault.xctoolchain/usr/include,
					../../../server,
				);
				INFOPLIST_FILE = "Cadabra/Cadabra-Info.plist";
				LIBRARY_SEARCH_PATHS = (
					"$(inherited)",
					/Users/dma6kp/git/cadabra2/server/build,
				);
				"LIBRARY_SEARCH_PATHS[arch=*]" = ../../../server/build;
				PRODUCT_NAME = "$(TARGET_NAME)";
				WRAPPER_EXTENSION = app;
			};
			name = Debug;
		};
		B17517EC18D3A939008DB066 /* Release */ = {
			isa = XCBuildConfiguration;
			buildSettings = {
				ALWAYS_SEARCH_USER_PATHS = YES;
				ASSETCATALOG_COMPILER_APPICON_NAME = AppIcon;
				COMBINE_HIDPI_IMAGES = YES;
				GCC_PRECOMPILE_PREFIX_HEADER = YES;
				GCC_PREFIX_HEADER = "Cadabra/Cadabra-Prefix.pch";
				"HEADER_SEARCH_PATHS[arch=*]" = (
					"$(inherited)",
					/Applications/Xcode.app/Contents/Developer/Toolchains/XcodeDefault.xctoolchain/usr/include,
					../../../server,
				);
				INFOPLIST_FILE = "Cadabra/Cadabra-Info.plist";
				LIBRARY_SEARCH_PATHS = (
					"$(inherited)",
					/Users/dma6kp/git/cadabra2/server/build,
				);
				"LIBRARY_SEARCH_PATHS[arch=*]" = ../../../server/build;
				PRODUCT_NAME = "$(TARGET_NAME)";
				WRAPPER_EXTENSION = app;
			};
			name = Release;
		};
/* End XCBuildConfiguration section */

/* Begin XCConfigurationList section */
		B17517B418D3A939008DB066 /* Build configuration list for PBXProject "Cadabra" */ = {
			isa = XCConfigurationList;
			buildConfigurations = (
				B17517E818D3A939008DB066 /* Debug */,
				B17517E918D3A939008DB066 /* Release */,
			);
			defaultConfigurationIsVisible = 0;
			defaultConfigurationName = Release;
		};
		B17517EA18D3A939008DB066 /* Build configuration list for PBXNativeTarget "Cadabra" */ = {
			isa = XCConfigurationList;
			buildConfigurations = (
				B17517EB18D3A939008DB066 /* Debug */,
				B17517EC18D3A939008DB066 /* Release */,
			);
			defaultConfigurationIsVisible = 0;
			defaultConfigurationName = Release;
		};
/* End XCConfigurationList section */
	};
	rootObject = B17517B118D3A939008DB066 /* Project object */;
}
